// !$*UTF8*$!
{
	archiveVersion = 1;
	classes = {
	};
	objectVersion = 46;
	objects = {

/* Begin PBXBuildFile section */
		0982D9662C93FA368DD19F3F /* Pods_ObjCDemo.framework in Frameworks */ = {isa = PBXBuildFile; fileRef = 91AC511A01A1809D4BE70B6A /* Pods_ObjCDemo.framework */; };
		183001ED1C7A1E0E00A5D229 /* AppDelegate.m in Sources */ = {isa = PBXBuildFile; fileRef = 183001E11C7A1E0E00A5D229 /* AppDelegate.m */; };
		183001EE1C7A1E0E00A5D229 /* SCRootViewController.m in Sources */ = {isa = PBXBuildFile; fileRef = 183001E31C7A1E0E00A5D229 /* SCRootViewController.m */; };
		183001EF1C7A1E0E00A5D229 /* SCRootViewController.xib in Resources */ = {isa = PBXBuildFile; fileRef = 183001E41C7A1E0E00A5D229 /* SCRootViewController.xib */; };
		183001F01C7A1E0E00A5D229 /* SCViewController.m in Sources */ = {isa = PBXBuildFile; fileRef = 183001E61C7A1E0E00A5D229 /* SCViewController.m */; };
		183001F11C7A1E0E00A5D229 /* SCViewController.xib in Resources */ = {isa = PBXBuildFile; fileRef = 183001E71C7A1E0E00A5D229 /* SCViewController.xib */; };
		183002BF1C7A1EF400A5D229 /* feathers.jpg in Resources */ = {isa = PBXBuildFile; fileRef = 183002BB1C7A1EF400A5D229 /* feathers.jpg */; };
		183002C11C7A1EF400A5D229 /* Launch Screen.xib in Resources */ = {isa = PBXBuildFile; fileRef = 183002BD1C7A1EF400A5D229 /* Launch Screen.xib */; };
		183002C21C7A1EF400A5D229 /* main.m in Sources */ = {isa = PBXBuildFile; fileRef = 183002BE1C7A1EF400A5D229 /* main.m */; };
		183002E31C7A1FB600A5D229 /* AppDelegate.swift in Sources */ = {isa = PBXBuildFile; fileRef = 183002DA1C7A1F9600A5D229 /* AppDelegate.swift */; };
		183002E41C7A1FB600A5D229 /* RootViewController.swift in Sources */ = {isa = PBXBuildFile; fileRef = 183002DB1C7A1F9600A5D229 /* RootViewController.swift */; };
		183002E51C7A1FB600A5D229 /* ViewController.swift in Sources */ = {isa = PBXBuildFile; fileRef = 183002DD1C7A1F9600A5D229 /* ViewController.swift */; };
		187968B71C7A231E0037631B /* RootViewController.xib in Resources */ = {isa = PBXBuildFile; fileRef = 187968B61C7A231E0037631B /* RootViewController.xib */; };
		18A16C271C81B95500C2F543 /* ViewController.xib in Resources */ = {isa = PBXBuildFile; fileRef = 183002DE1C7A1F9600A5D229 /* ViewController.xib */; };
		18A16C281C81B96E00C2F543 /* feathers.jpg in Resources */ = {isa = PBXBuildFile; fileRef = 183002BB1C7A1EF400A5D229 /* feathers.jpg */; };
		CD2010BE8FDEC508A6D7E9FB /* Pods_SwiftDemo.framework in Frameworks */ = {isa = PBXBuildFile; fileRef = FBA6CDB0A7E3A2AA1ABAB0D6 /* Pods_SwiftDemo.framework */; };
/* End PBXBuildFile section */

/* Begin PBXFileReference section */
		0B78F882EA990D94EBF0368B /* Pods-SwiftDemo.debug.xcconfig */ = {isa = PBXFileReference; includeInIndex = 1; lastKnownFileType = text.xcconfig; name = "Pods-SwiftDemo.debug.xcconfig"; path = "Pods/Target Support Files/Pods-SwiftDemo/Pods-SwiftDemo.debug.xcconfig"; sourceTree = "<group>"; };
		1189167AC046E5079FA9344A /* libPods.a */ = {isa = PBXFileReference; explicitFileType = archive.ar; includeInIndex = 0; path = libPods.a; sourceTree = BUILT_PRODUCTS_DIR; };
		181957FA1B37D8A400474C45 /* SCSafariPageController.app */ = {isa = PBXFileReference; explicitFileType = wrapper.application; includeInIndex = 0; path = SCSafariPageController.app; sourceTree = BUILT_PRODUCTS_DIR; };
		183001E01C7A1E0E00A5D229 /* AppDelegate.h */ = {isa = PBXFileReference; fileEncoding = 4; lastKnownFileType = sourcecode.c.h; path = AppDelegate.h; sourceTree = "<group>"; };
		183001E11C7A1E0E00A5D229 /* AppDelegate.m */ = {isa = PBXFileReference; fileEncoding = 4; lastKnownFileType = sourcecode.c.objc; path = AppDelegate.m; sourceTree = "<group>"; };
		183001E21C7A1E0E00A5D229 /* SCRootViewController.h */ = {isa = PBXFileReference; fileEncoding = 4; lastKnownFileType = sourcecode.c.h; path = SCRootViewController.h; sourceTree = "<group>"; };
		183001E31C7A1E0E00A5D229 /* SCRootViewController.m */ = {isa = PBXFileReference; fileEncoding = 4; lastKnownFileType = sourcecode.c.objc; path = SCRootViewController.m; sourceTree = "<group>"; };
		183001E41C7A1E0E00A5D229 /* SCRootViewController.xib */ = {isa = PBXFileReference; fileEncoding = 4; lastKnownFileType = file.xib; path = SCRootViewController.xib; sourceTree = "<group>"; };
		183001E51C7A1E0E00A5D229 /* SCViewController.h */ = {isa = PBXFileReference; fileEncoding = 4; lastKnownFileType = sourcecode.c.h; path = SCViewController.h; sourceTree = "<group>"; };
		183001E61C7A1E0E00A5D229 /* SCViewController.m */ = {isa = PBXFileReference; fileEncoding = 4; lastKnownFileType = sourcecode.c.objc; path = SCViewController.m; sourceTree = "<group>"; };
		183001E71C7A1E0E00A5D229 /* SCViewController.xib */ = {isa = PBXFileReference; fileEncoding = 4; lastKnownFileType = file.xib; path = SCViewController.xib; sourceTree = "<group>"; };
		183002BB1C7A1EF400A5D229 /* feathers.jpg */ = {isa = PBXFileReference; lastKnownFileType = image.jpeg; path = feathers.jpg; sourceTree = "<group>"; };
		183002BC1C7A1EF400A5D229 /* Info.plist */ = {isa = PBXFileReference; fileEncoding = 4; lastKnownFileType = text.plist.xml; path = Info.plist; sourceTree = "<group>"; };
		183002BD1C7A1EF400A5D229 /* Launch Screen.xib */ = {isa = PBXFileReference; fileEncoding = 4; lastKnownFileType = file.xib; path = "Launch Screen.xib"; sourceTree = "<group>"; };
		183002BE1C7A1EF400A5D229 /* main.m */ = {isa = PBXFileReference; fileEncoding = 4; lastKnownFileType = sourcecode.c.objc; path = main.m; sourceTree = "<group>"; };
		183002C71C7A1F3F00A5D229 /* SwiftDemo.app */ = {isa = PBXFileReference; explicitFileType = wrapper.application; includeInIndex = 0; path = SwiftDemo.app; sourceTree = BUILT_PRODUCTS_DIR; };
		183002DA1C7A1F9600A5D229 /* AppDelegate.swift */ = {isa = PBXFileReference; fileEncoding = 4; lastKnownFileType = sourcecode.swift; path = AppDelegate.swift; sourceTree = "<group>"; };
		183002DB1C7A1F9600A5D229 /* RootViewController.swift */ = {isa = PBXFileReference; fileEncoding = 4; lastKnownFileType = sourcecode.swift; path = RootViewController.swift; sourceTree = "<group>"; };
		183002DC1C7A1F9600A5D229 /* SCSafariPageController-Bridging-Header.h */ = {isa = PBXFileReference; fileEncoding = 4; lastKnownFileType = sourcecode.c.h; path = "SCSafariPageController-Bridging-Header.h"; sourceTree = "<group>"; };
		183002DD1C7A1F9600A5D229 /* ViewController.swift */ = {isa = PBXFileReference; fileEncoding = 4; lastKnownFileType = sourcecode.swift; path = ViewController.swift; sourceTree = "<group>"; };
		183002DE1C7A1F9600A5D229 /* ViewController.xib */ = {isa = PBXFileReference; fileEncoding = 4; lastKnownFileType = file.xib; path = ViewController.xib; sourceTree = "<group>"; };
		187968B21C7A21A10037631B /* Pods-ObjCDemo.debug.xcconfig */ = {isa = PBXFileReference; fileEncoding = 4; lastKnownFileType = text.xcconfig; name = "Pods-ObjCDemo.debug.xcconfig"; path = "Pods/Target Support Files/Pods-ObjCDemo/Pods-ObjCDemo.debug.xcconfig"; sourceTree = "<group>"; };
		187968B31C7A21A10037631B /* Pods-ObjCDemo.release.xcconfig */ = {isa = PBXFileReference; fileEncoding = 4; lastKnownFileType = text.xcconfig; name = "Pods-ObjCDemo.release.xcconfig"; path = "Pods/Target Support Files/Pods-ObjCDemo/Pods-ObjCDemo.release.xcconfig"; sourceTree = "<group>"; };
		187968B61C7A231E0037631B /* RootViewController.xib */ = {isa = PBXFileReference; fileEncoding = 4; lastKnownFileType = file.xib; path = RootViewController.xib; sourceTree = "<group>"; };
		75BDE86E2C2BFEF93A0F2D01 /* Pods-SwiftDemo.release.xcconfig */ = {isa = PBXFileReference; includeInIndex = 1; lastKnownFileType = text.xcconfig; name = "Pods-SwiftDemo.release.xcconfig"; path = "Pods/Target Support Files/Pods-SwiftDemo/Pods-SwiftDemo.release.xcconfig"; sourceTree = "<group>"; };
		91AC511A01A1809D4BE70B6A /* Pods_ObjCDemo.framework */ = {isa = PBXFileReference; explicitFileType = wrapper.framework; includeInIndex = 0; path = Pods_ObjCDemo.framework; sourceTree = BUILT_PRODUCTS_DIR; };
		FBA6CDB0A7E3A2AA1ABAB0D6 /* Pods_SwiftDemo.framework */ = {isa = PBXFileReference; explicitFileType = wrapper.framework; includeInIndex = 0; path = Pods_SwiftDemo.framework; sourceTree = BUILT_PRODUCTS_DIR; };
/* End PBXFileReference section */

/* Begin PBXFrameworksBuildPhase section */
		181957F71B37D8A400474C45 /* Frameworks */ = {
			isa = PBXFrameworksBuildPhase;
			buildActionMask = 2147483647;
			files = (
				0982D9662C93FA368DD19F3F /* Pods_ObjCDemo.framework in Frameworks */,
			);
			runOnlyForDeploymentPostprocessing = 0;
		};
		183002C41C7A1F3F00A5D229 /* Frameworks */ = {
			isa = PBXFrameworksBuildPhase;
			buildActionMask = 2147483647;
			files = (
				CD2010BE8FDEC508A6D7E9FB /* Pods_SwiftDemo.framework in Frameworks */,
			);
			runOnlyForDeploymentPostprocessing = 0;
		};
/* End PBXFrameworksBuildPhase section */

/* Begin PBXGroup section */
		1657FDEB5A14862F12A250F7 /* Frameworks */ = {
			isa = PBXGroup;
			children = (
				1189167AC046E5079FA9344A /* libPods.a */,
				91AC511A01A1809D4BE70B6A /* Pods_ObjCDemo.framework */,
				FBA6CDB0A7E3A2AA1ABAB0D6 /* Pods_SwiftDemo.framework */,
			);
			name = Frameworks;
			sourceTree = "<group>";
		};
		181957F11B37D8A400474C45 = {
			isa = PBXGroup;
			children = (
				183001DF1C7A1E0E00A5D229 /* ObjCDemo */,
				183002D91C7A1F9600A5D229 /* SwiftDemo */,
				183002BA1C7A1EF400A5D229 /* Supporting Files */,
				BC8FA4BA7F8E0EF95ADB943E /* Pods */,
				1657FDEB5A14862F12A250F7 /* Frameworks */,
				181957FB1B37D8A400474C45 /* Products */,
			);
			sourceTree = "<group>";
		};
		181957FB1B37D8A400474C45 /* Products */ = {
			isa = PBXGroup;
			children = (
				181957FA1B37D8A400474C45 /* SCSafariPageController.app */,
				183002C71C7A1F3F00A5D229 /* SwiftDemo.app */,
			);
			name = Products;
			sourceTree = "<group>";
		};
		183001DF1C7A1E0E00A5D229 /* ObjCDemo */ = {
			isa = PBXGroup;
			children = (
				183001E01C7A1E0E00A5D229 /* AppDelegate.h */,
				183001E11C7A1E0E00A5D229 /* AppDelegate.m */,
				183001E21C7A1E0E00A5D229 /* SCRootViewController.h */,
				183001E31C7A1E0E00A5D229 /* SCRootViewController.m */,
				183001E41C7A1E0E00A5D229 /* SCRootViewController.xib */,
				183001E51C7A1E0E00A5D229 /* SCViewController.h */,
				183001E61C7A1E0E00A5D229 /* SCViewController.m */,
				183001E71C7A1E0E00A5D229 /* SCViewController.xib */,
			);
			path = ObjCDemo;
			sourceTree = "<group>";
		};
		183002BA1C7A1EF400A5D229 /* Supporting Files */ = {
			isa = PBXGroup;
			children = (
				183002BB1C7A1EF400A5D229 /* feathers.jpg */,
				183002BC1C7A1EF400A5D229 /* Info.plist */,
				183002BD1C7A1EF400A5D229 /* Launch Screen.xib */,
				183002BE1C7A1EF400A5D229 /* main.m */,
			);
			path = "Supporting Files";
			sourceTree = "<group>";
		};
		183002D91C7A1F9600A5D229 /* SwiftDemo */ = {
			isa = PBXGroup;
			children = (
				183002DA1C7A1F9600A5D229 /* AppDelegate.swift */,
				183002DB1C7A1F9600A5D229 /* RootViewController.swift */,
				187968B61C7A231E0037631B /* RootViewController.xib */,
				183002DC1C7A1F9600A5D229 /* SCSafariPageController-Bridging-Header.h */,
				183002DD1C7A1F9600A5D229 /* ViewController.swift */,
				183002DE1C7A1F9600A5D229 /* ViewController.xib */,
			);
			path = SwiftDemo;
			sourceTree = "<group>";
		};
		BC8FA4BA7F8E0EF95ADB943E /* Pods */ = {
			isa = PBXGroup;
			children = (
				187968B21C7A21A10037631B /* Pods-ObjCDemo.debug.xcconfig */,
				187968B31C7A21A10037631B /* Pods-ObjCDemo.release.xcconfig */,
				0B78F882EA990D94EBF0368B /* Pods-SwiftDemo.debug.xcconfig */,
				75BDE86E2C2BFEF93A0F2D01 /* Pods-SwiftDemo.release.xcconfig */,
			);
			name = Pods;
			sourceTree = "<group>";
		};
/* End PBXGroup section */

/* Begin PBXNativeTarget section */
		181957F91B37D8A400474C45 /* ObjCDemo */ = {
			isa = PBXNativeTarget;
			buildConfigurationList = 1819581D1B37D8A400474C45 /* Build configuration list for PBXNativeTarget "ObjCDemo" */;
			buildPhases = (
				4E43D6E81B4B1EED0681095D /* Check Pods Manifest.lock */,
				181957F61B37D8A400474C45 /* Sources */,
				181957F71B37D8A400474C45 /* Frameworks */,
				181957F81B37D8A400474C45 /* Resources */,
				DAD03FFA199F26CC2517CE96 /* Copy Pods Resources */,
				A34038EBDCCB38F27BEC7FC2 /* Embed Pods Frameworks */,
			);
			buildRules = (
			);
			dependencies = (
			);
			name = ObjCDemo;
			productName = SCSafariTabSwitcher;
			productReference = 181957FA1B37D8A400474C45 /* SCSafariPageController.app */;
			productType = "com.apple.product-type.application";
		};
		183002C61C7A1F3F00A5D229 /* SwiftDemo */ = {
			isa = PBXNativeTarget;
			buildConfigurationList = 183002D61C7A1F3F00A5D229 /* Build configuration list for PBXNativeTarget "SwiftDemo" */;
			buildPhases = (
				495E501DB75D140B686EE40F /* Check Pods Manifest.lock */,
				183002C31C7A1F3F00A5D229 /* Sources */,
				183002C41C7A1F3F00A5D229 /* Frameworks */,
				183002C51C7A1F3F00A5D229 /* Resources */,
				69DB6DE3D798F90E205931F7 /* Embed Pods Frameworks */,
				D26CEAA64FEC04511E33C9FD /* Copy Pods Resources */,
			);
			buildRules = (
			);
			dependencies = (
			);
			name = SwiftDemo;
			productName = SCSafariPageController;
			productReference = 183002C71C7A1F3F00A5D229 /* SwiftDemo.app */;
			productType = "com.apple.product-type.application";
		};
/* End PBXNativeTarget section */

/* Begin PBXProject section */
		181957F21B37D8A400474C45 /* Project object */ = {
			isa = PBXProject;
			attributes = {
				LastSwiftUpdateCheck = 0720;
				LastUpgradeCheck = 0720;
				ORGANIZATIONNAME = "Stefan Ceriu";
				TargetAttributes = {
					181957F91B37D8A400474C45 = {
						CreatedOnToolsVersion = 6.3.2;
					};
					183002C61C7A1F3F00A5D229 = {
						CreatedOnToolsVersion = 7.2;
					};
				};
			};
			buildConfigurationList = 181957F51B37D8A400474C45 /* Build configuration list for PBXProject "SCSafariPageController" */;
			compatibilityVersion = "Xcode 3.2";
			developmentRegion = English;
			hasScannedForEncodings = 0;
			knownRegions = (
				en,
				Base,
			);
			mainGroup = 181957F11B37D8A400474C45;
			productRefGroup = 181957FB1B37D8A400474C45 /* Products */;
			projectDirPath = "";
			projectRoot = "";
			targets = (
				181957F91B37D8A400474C45 /* ObjCDemo */,
				183002C61C7A1F3F00A5D229 /* SwiftDemo */,
			);
		};
/* End PBXProject section */

/* Begin PBXResourcesBuildPhase section */
		181957F81B37D8A400474C45 /* Resources */ = {
			isa = PBXResourcesBuildPhase;
			buildActionMask = 2147483647;
			files = (
				183002BF1C7A1EF400A5D229 /* feathers.jpg in Resources */,
				183001F11C7A1E0E00A5D229 /* SCViewController.xib in Resources */,
				183002C11C7A1EF400A5D229 /* Launch Screen.xib in Resources */,
				183001EF1C7A1E0E00A5D229 /* SCRootViewController.xib in Resources */,
			);
			runOnlyForDeploymentPostprocessing = 0;
		};
		183002C51C7A1F3F00A5D229 /* Resources */ = {
			isa = PBXResourcesBuildPhase;
			buildActionMask = 2147483647;
			files = (
				18A16C281C81B96E00C2F543 /* feathers.jpg in Resources */,
				18A16C271C81B95500C2F543 /* ViewController.xib in Resources */,
				187968B71C7A231E0037631B /* RootViewController.xib in Resources */,
			);
			runOnlyForDeploymentPostprocessing = 0;
		};
/* End PBXResourcesBuildPhase section */

/* Begin PBXShellScriptBuildPhase section */
		495E501DB75D140B686EE40F /* Check Pods Manifest.lock */ = {
			isa = PBXShellScriptBuildPhase;
			buildActionMask = 2147483647;
			files = (
			);
			inputPaths = (
			);
			name = "Check Pods Manifest.lock";
			outputPaths = (
			);
			runOnlyForDeploymentPostprocessing = 0;
			shellPath = /bin/sh;
			shellScript = "diff \"${PODS_ROOT}/../Podfile.lock\" \"${PODS_ROOT}/Manifest.lock\" > /dev/null\nif [[ $? != 0 ]] ; then\n    cat << EOM\nerror: The sandbox is not in sync with the Podfile.lock. Run 'pod install' or update your CocoaPods installation.\nEOM\n    exit 1\nfi\n";
			showEnvVarsInLog = 0;
		};
		4E43D6E81B4B1EED0681095D /* Check Pods Manifest.lock */ = {
			isa = PBXShellScriptBuildPhase;
			buildActionMask = 2147483647;
			files = (
			);
			inputPaths = (
			);
			name = "Check Pods Manifest.lock";
			outputPaths = (
			);
			runOnlyForDeploymentPostprocessing = 0;
			shellPath = /bin/sh;
			shellScript = "diff \"${PODS_ROOT}/../Podfile.lock\" \"${PODS_ROOT}/Manifest.lock\" > /dev/null\nif [[ $? != 0 ]] ; then\n    cat << EOM\nerror: The sandbox is not in sync with the Podfile.lock. Run 'pod install' or update your CocoaPods installation.\nEOM\n    exit 1\nfi\n";
			showEnvVarsInLog = 0;
		};
		69DB6DE3D798F90E205931F7 /* Embed Pods Frameworks */ = {
			isa = PBXShellScriptBuildPhase;
			buildActionMask = 2147483647;
			files = (
			);
			inputPaths = (
			);
			name = "Embed Pods Frameworks";
			outputPaths = (
			);
			runOnlyForDeploymentPostprocessing = 0;
			shellPath = /bin/sh;
			shellScript = "\"${SRCROOT}/Pods/Target Support Files/Pods-SwiftDemo/Pods-SwiftDemo-frameworks.sh\"\n";
			showEnvVarsInLog = 0;
		};
		A34038EBDCCB38F27BEC7FC2 /* Embed Pods Frameworks */ = {
			isa = PBXShellScriptBuildPhase;
			buildActionMask = 2147483647;
			files = (
			);
			inputPaths = (
			);
			name = "Embed Pods Frameworks";
			outputPaths = (
			);
			runOnlyForDeploymentPostprocessing = 0;
			shellPath = /bin/sh;
			shellScript = "\"${SRCROOT}/Pods/Target Support Files/Pods-ObjCDemo/Pods-ObjCDemo-frameworks.sh\"\n";
			showEnvVarsInLog = 0;
		};
		D26CEAA64FEC04511E33C9FD /* Copy Pods Resources */ = {
			isa = PBXShellScriptBuildPhase;
			buildActionMask = 2147483647;
			files = (
			);
			inputPaths = (
			);
			name = "Copy Pods Resources";
			outputPaths = (
			);
			runOnlyForDeploymentPostprocessing = 0;
			shellPath = /bin/sh;
			shellScript = "\"${SRCROOT}/Pods/Target Support Files/Pods-SwiftDemo/Pods-SwiftDemo-resources.sh\"\n";
			showEnvVarsInLog = 0;
		};
		DAD03FFA199F26CC2517CE96 /* Copy Pods Resources */ = {
			isa = PBXShellScriptBuildPhase;
			buildActionMask = 2147483647;
			files = (
			);
			inputPaths = (
			);
			name = "Copy Pods Resources";
			outputPaths = (
			);
			runOnlyForDeploymentPostprocessing = 0;
			shellPath = /bin/sh;
			shellScript = "\"${SRCROOT}/Pods/Target Support Files/Pods-ObjCDemo/Pods-ObjCDemo-resources.sh\"\n";
			showEnvVarsInLog = 0;
		};
/* End PBXShellScriptBuildPhase section */

/* Begin PBXSourcesBuildPhase section */
		181957F61B37D8A400474C45 /* Sources */ = {
			isa = PBXSourcesBuildPhase;
			buildActionMask = 2147483647;
			files = (
				183001EE1C7A1E0E00A5D229 /* SCRootViewController.m in Sources */,
				183001F01C7A1E0E00A5D229 /* SCViewController.m in Sources */,
				183002C21C7A1EF400A5D229 /* main.m in Sources */,
				183001ED1C7A1E0E00A5D229 /* AppDelegate.m in Sources */,
			);
			runOnlyForDeploymentPostprocessing = 0;
		};
		183002C31C7A1F3F00A5D229 /* Sources */ = {
			isa = PBXSourcesBuildPhase;
			buildActionMask = 2147483647;
			files = (
				183002E51C7A1FB600A5D229 /* ViewController.swift in Sources */,
				183002E41C7A1FB600A5D229 /* RootViewController.swift in Sources */,
				183002E31C7A1FB600A5D229 /* AppDelegate.swift in Sources */,
			);
			runOnlyForDeploymentPostprocessing = 0;
		};
/* End PBXSourcesBuildPhase section */

/* Begin XCBuildConfiguration section */
		1819581B1B37D8A400474C45 /* Debug */ = {
			isa = XCBuildConfiguration;
			buildSettings = {
				ALWAYS_SEARCH_USER_PATHS = NO;
				CLANG_CXX_LANGUAGE_STANDARD = "gnu++0x";
				CLANG_CXX_LIBRARY = "libc++";
				CLANG_ENABLE_MODULES = YES;
				CLANG_ENABLE_OBJC_ARC = YES;
				CLANG_WARN_BOOL_CONVERSION = YES;
				CLANG_WARN_CONSTANT_CONVERSION = YES;
				CLANG_WARN_DIRECT_OBJC_ISA_USAGE = YES_ERROR;
				CLANG_WARN_EMPTY_BODY = YES;
				CLANG_WARN_ENUM_CONVERSION = YES;
				CLANG_WARN_INT_CONVERSION = YES;
				CLANG_WARN_OBJC_ROOT_CLASS = YES_ERROR;
				CLANG_WARN_UNREACHABLE_CODE = YES;
				CLANG_WARN__DUPLICATE_METHOD_MATCH = YES;
				"CODE_SIGN_IDENTITY[sdk=iphoneos*]" = "iPhone Developer";
				COPY_PHASE_STRIP = NO;
				DEBUG_INFORMATION_FORMAT = "dwarf-with-dsym";
				ENABLE_STRICT_OBJC_MSGSEND = YES;
				ENABLE_TESTABILITY = YES;
				GCC_C_LANGUAGE_STANDARD = gnu99;
				GCC_DYNAMIC_NO_PIC = NO;
				GCC_NO_COMMON_BLOCKS = YES;
				GCC_OPTIMIZATION_LEVEL = 0;
				GCC_PREPROCESSOR_DEFINITIONS = (
					"DEBUG=1",
					"$(inherited)",
				);
				GCC_SYMBOLS_PRIVATE_EXTERN = NO;
				GCC_WARN_64_TO_32_BIT_CONVERSION = YES;
				GCC_WARN_ABOUT_RETURN_TYPE = YES_ERROR;
				GCC_WARN_UNDECLARED_SELECTOR = YES;
				GCC_WARN_UNINITIALIZED_AUTOS = YES_AGGRESSIVE;
				GCC_WARN_UNUSED_FUNCTION = YES;
				GCC_WARN_UNUSED_VARIABLE = YES;
				IPHONEOS_DEPLOYMENT_TARGET = 8.3;
				MTL_ENABLE_DEBUG_INFO = YES;
				ONLY_ACTIVE_ARCH = YES;
				SDKROOT = iphoneos;
				TARGETED_DEVICE_FAMILY = "1,2";
			};
			name = Debug;
		};
		1819581C1B37D8A400474C45 /* Release */ = {
			isa = XCBuildConfiguration;
			buildSettings = {
				ALWAYS_SEARCH_USER_PATHS = NO;
				CLANG_CXX_LANGUAGE_STANDARD = "gnu++0x";
				CLANG_CXX_LIBRARY = "libc++";
				CLANG_ENABLE_MODULES = YES;
				CLANG_ENABLE_OBJC_ARC = YES;
				CLANG_WARN_BOOL_CONVERSION = YES;
				CLANG_WARN_CONSTANT_CONVERSION = YES;
				CLANG_WARN_DIRECT_OBJC_ISA_USAGE = YES_ERROR;
				CLANG_WARN_EMPTY_BODY = YES;
				CLANG_WARN_ENUM_CONVERSION = YES;
				CLANG_WARN_INT_CONVERSION = YES;
				CLANG_WARN_OBJC_ROOT_CLASS = YES_ERROR;
				CLANG_WARN_UNREACHABLE_CODE = YES;
				CLANG_WARN__DUPLICATE_METHOD_MATCH = YES;
				"CODE_SIGN_IDENTITY[sdk=iphoneos*]" = "iPhone Developer";
				COPY_PHASE_STRIP = NO;
				DEBUG_INFORMATION_FORMAT = "dwarf-with-dsym";
				ENABLE_NS_ASSERTIONS = NO;
				ENABLE_STRICT_OBJC_MSGSEND = YES;
				GCC_C_LANGUAGE_STANDARD = gnu99;
				GCC_NO_COMMON_BLOCKS = YES;
				GCC_WARN_64_TO_32_BIT_CONVERSION = YES;
				GCC_WARN_ABOUT_RETURN_TYPE = YES_ERROR;
				GCC_WARN_UNDECLARED_SELECTOR = YES;
				GCC_WARN_UNINITIALIZED_AUTOS = YES_AGGRESSIVE;
				GCC_WARN_UNUSED_FUNCTION = YES;
				GCC_WARN_UNUSED_VARIABLE = YES;
				IPHONEOS_DEPLOYMENT_TARGET = 8.3;
				MTL_ENABLE_DEBUG_INFO = NO;
				SDKROOT = iphoneos;
				TARGETED_DEVICE_FAMILY = "1,2";
				VALIDATE_PRODUCT = YES;
			};
			name = Release;
		};
		1819581E1B37D8A400474C45 /* Debug */ = {
			isa = XCBuildConfiguration;
			baseConfigurationReference = 187968B21C7A21A10037631B /* Pods-ObjCDemo.debug.xcconfig */;
			buildSettings = {
				CLANG_ENABLE_MODULES = YES;
				CLANG_WARN_DOCUMENTATION_COMMENTS = YES;
				INFOPLIST_FILE = "Supporting Files/Info.plist";
				IPHONEOS_DEPLOYMENT_TARGET = 8.3;
				LD_RUNPATH_SEARCH_PATHS = "$(inherited) @executable_path/Frameworks";
				PRODUCT_BUNDLE_IDENTIFIER = com.stefanceriu.safari.objcDemo;
				PRODUCT_NAME = SCSafariPageController;
				SWIFT_OBJC_BRIDGING_HEADER = "SwiftDemo/SCSafariPageController-Bridging-Header.h";
				SWIFT_OPTIMIZATION_LEVEL = "-Onone";
				TARGETED_DEVICE_FAMILY = 1;
			};
			name = Debug;
		};
		1819581F1B37D8A400474C45 /* Release */ = {
			isa = XCBuildConfiguration;
			baseConfigurationReference = 187968B31C7A21A10037631B /* Pods-ObjCDemo.release.xcconfig */;
			buildSettings = {
				CLANG_ENABLE_MODULES = YES;
				CLANG_WARN_DOCUMENTATION_COMMENTS = YES;
				INFOPLIST_FILE = "Supporting Files/Info.plist";
				IPHONEOS_DEPLOYMENT_TARGET = 8.3;
				LD_RUNPATH_SEARCH_PATHS = "$(inherited) @executable_path/Frameworks";
				PRODUCT_BUNDLE_IDENTIFIER = com.stefanceriu.safari.objcDemo;
				PRODUCT_NAME = SCSafariPageController;
				SWIFT_OBJC_BRIDGING_HEADER = "SwiftDemo/SCSafariPageController-Bridging-Header.h";
				TARGETED_DEVICE_FAMILY = 1;
			};
			name = Release;
		};
		183002D71C7A1F3F00A5D229 /* Debug */ = {
			isa = XCBuildConfiguration;
			baseConfigurationReference = 0B78F882EA990D94EBF0368B /* Pods-SwiftDemo.debug.xcconfig */;
			buildSettings = {
				DEBUG_INFORMATION_FORMAT = dwarf;
				ENABLE_TESTABILITY = YES;
				INFOPLIST_FILE = "Supporting Files/Info.plist";
				IPHONEOS_DEPLOYMENT_TARGET = 9.2;
				LD_RUNPATH_SEARCH_PATHS = "$(inherited) @executable_path/Frameworks";
				PRODUCT_BUNDLE_IDENTIFIER = com.stefanceriu.safari.swiftDemo;
				PRODUCT_NAME = "$(TARGET_NAME)";
				SWIFT_OBJC_BRIDGING_HEADER = "SwiftDemo/SCSafariPageController-Bridging-Header.h";
				SWIFT_OPTIMIZATION_LEVEL = "-Onone";
				TARGETED_DEVICE_FAMILY = 1;
			};
			name = Debug;
		};
		183002D81C7A1F3F00A5D229 /* Release */ = {
			isa = XCBuildConfiguration;
			baseConfigurationReference = 75BDE86E2C2BFEF93A0F2D01 /* Pods-SwiftDemo.release.xcconfig */;
			buildSettings = {
				INFOPLIST_FILE = "Supporting Files/Info.plist";
				IPHONEOS_DEPLOYMENT_TARGET = 9.2;
				LD_RUNPATH_SEARCH_PATHS = "$(inherited) @executable_path/Frameworks";
				PRODUCT_BUNDLE_IDENTIFIER = com.stefanceriu.safari.swiftDemo;
				PRODUCT_NAME = "$(TARGET_NAME)";
				SWIFT_OBJC_BRIDGING_HEADER = "SwiftDemo/SCSafariPageController-Bridging-Header.h";
				TARGETED_DEVICE_FAMILY = 1;
			};
			name = Release;
		};
/* End XCBuildConfiguration section */

/* Begin XCConfigurationList section */
		181957F51B37D8A400474C45 /* Build configuration list for PBXProject "SCSafariPageController" */ = {
			isa = XCConfigurationList;
			buildConfigurations = (
				1819581B1B37D8A400474C45 /* Debug */,
				1819581C1B37D8A400474C45 /* Release */,
			);
			defaultConfigurationIsVisible = 0;
			defaultConfigurationName = Release;
		};
		1819581D1B37D8A400474C45 /* Build configuration list for PBXNativeTarget "ObjCDemo" */ = {
			isa = XCConfigurationList;
			buildConfigurations = (
				1819581E1B37D8A400474C45 /* Debug */,
				1819581F1B37D8A400474C45 /* Release */,
			);
			defaultConfigurationIsVisible = 0;
			defaultConfigurationName = Release;
		};
		183002D61C7A1F3F00A5D229 /* Build configuration list for PBXNativeTarget "SwiftDemo" */ = {
			isa = XCConfigurationList;
			buildConfigurations = (
				183002D71C7A1F3F00A5D229 /* Debug */,
				183002D81C7A1F3F00A5D229 /* Release */,
			);
			defaultConfigurationIsVisible = 0;
			defaultConfigurationName = Release;
		};
/* End XCConfigurationList section */
	};
	rootObject = 181957F21B37D8A400474C45 /* Project object */;
}
